{"1.1.0",
[{<<"base16">>,{pkg,<<"base16">>,<<"1.0.0">>},1},
 {<<"eini">>,{pkg,<<"eini">>,<<"1.2.5">>},1},
 {<<"erlcloud">>,{pkg,<<"erlcloud">>,<<"3.2.4">>},0},
 {<<"jsone">>,{pkg,<<"jsone">>,<<"1.4.7">>},0},
 {<<"jsx">>,{pkg,<<"jsx">>,<<"2.9.0">>},1},
 {<<"lhttpc">>,{pkg,<<"lhttpc">>,<<"1.6.2">>},0}]}.
[
{pkg_hash,[
 {<<"base16">>, <<"283644E2B21BD5915ACB7178BED7851FB07C6E5749B8FAD68A53C501092176D9">>},
 {<<"eini">>, <<"98E4988474FAAF821E3511579090AF989096ADBDB5F7BFAA03AA0A9AC80296B2">>},
 {<<"erlcloud">>, <<"60DD8AE896D0B98D27198854F63A9E96FA0669B1B18E521BC9754802B2863DC1">>},
 {<<"jsone">>, <<"A970C23D9700AE7842B526C57677E6E3F10894B429524696EAD547E9302391C0">>},
 {<<"jsx">>, <<"D2F6E5F069C00266CAD52FB15D87C428579EA4D7D73A33669E12679E203329DD">>},
 {<<"lhttpc">>, <<"044F16F0018C7AA7E945E9E9406C7F6035E0B8BC08BF77B00C78CE260E1071E3">>}]}
].
